// !$*UTF8*$!
{
	archiveVersion = 1;
	classes = {
	};
	objectVersion = 46;
	objects = {

/* Begin PBXBuildFile section */
		A744BBC91A590BFC0057DE5D /* AppDelegate.swift in Sources */ = {isa = PBXBuildFile; fileRef = A744BBC81A590BFC0057DE5D /* AppDelegate.swift */; };
		A744BBCB1A590BFC0057DE5D /* ViewController.swift in Sources */ = {isa = PBXBuildFile; fileRef = A744BBCA1A590BFC0057DE5D /* ViewController.swift */; };
		A744BBCE1A590BFC0057DE5D /* Main.storyboard in Resources */ = {isa = PBXBuildFile; fileRef = A744BBCC1A590BFC0057DE5D /* Main.storyboard */; };
		A744BBD01A590BFC0057DE5D /* Images.xcassets in Resources */ = {isa = PBXBuildFile; fileRef = A744BBCF1A590BFC0057DE5D /* Images.xcassets */; };
		A744BBD31A590BFC0057DE5D /* LaunchScreen.xib in Resources */ = {isa = PBXBuildFile; fileRef = A744BBD11A590BFC0057DE5D /* LaunchScreen.xib */; };
		A744BBDF1A590BFC0057DE5D /* SeguesAndScenesDemoTests.swift in Sources */ = {isa = PBXBuildFile; fileRef = A744BBDE1A590BFC0057DE5D /* SeguesAndScenesDemoTests.swift */; };
/* End PBXBuildFile section */

/* Begin PBXContainerItemProxy section */
		A744BBD91A590BFC0057DE5D /* PBXContainerItemProxy */ = {
			isa = PBXContainerItemProxy;
			containerPortal = A744BBBB1A590BFC0057DE5D /* Project object */;
			proxyType = 1;
			remoteGlobalIDString = A744BBC21A590BFC0057DE5D;
			remoteInfo = SeguesAndScenesDemo;
		};
/* End PBXContainerItemProxy section */

/* Begin PBXFileReference section */
		A744BBC31A590BFC0057DE5D /* SeguesAndScenesDemo.app */ = {isa = PBXFileReference; explicitFileType = wrapper.application; includeInIndex = 0; path = SeguesAndScenesDemo.app; sourceTree = BUILT_PRODUCTS_DIR; };
		A744BBC71A590BFC0057DE5D /* Info.plist */ = {isa = PBXFileReference; lastKnownFileType = text.plist.xml; path = Info.plist; sourceTree = "<group>"; };
		A744BBC81A590BFC0057DE5D /* AppDelegate.swift */ = {isa = PBXFileReference; lastKnownFileType = sourcecode.swift; path = AppDelegate.swift; sourceTree = "<group>"; };
		A744BBCA1A590BFC0057DE5D /* ViewController.swift */ = {isa = PBXFileReference; lastKnownFileType = sourcecode.swift; path = ViewController.swift; sourceTree = "<group>"; };
		A744BBCD1A590BFC0057DE5D /* Base */ = {isa = PBXFileReference; lastKnownFileType = file.storyboard; name = Base; path = Base.lproj/Main.storyboard; sourceTree = "<group>"; };
		A744BBCF1A590BFC0057DE5D /* Images.xcassets */ = {isa = PBXFileReference; lastKnownFileType = folder.assetcatalog; path = Images.xcassets; sourceTree = "<group>"; };
		A744BBD21A590BFC0057DE5D /* Base */ = {isa = PBXFileReference; lastKnownFileType = file.xib; name = Base; path = Base.lproj/LaunchScreen.xib; sourceTree = "<group>"; };
		A744BBD81A590BFC0057DE5D /* SeguesAndScenesDemoTests.xctest */ = {isa = PBXFileReference; explicitFileType = wrapper.cfbundle; includeInIndex = 0; path = SeguesAndScenesDemoTests.xctest; sourceTree = BUILT_PRODUCTS_DIR; };
		A744BBDD1A590BFC0057DE5D /* Info.plist */ = {isa = PBXFileReference; lastKnownFileType = text.plist.xml; path = Info.plist; sourceTree = "<group>"; };
		A744BBDE1A590BFC0057DE5D /* SeguesAndScenesDemoTests.swift */ = {isa = PBXFileReference; lastKnownFileType = sourcecode.swift; path = SeguesAndScenesDemoTests.swift; sourceTree = "<group>"; };
/* End PBXFileReference section */

/* Begin PBXFrameworksBuildPhase section */
		A744BBC01A590BFC0057DE5D /* Frameworks */ = {
			isa = PBXFrameworksBuildPhase;
			buildActionMask = 2147483647;
			files = (
			);
			runOnlyForDeploymentPostprocessing = 0;
		};
		A744BBD51A590BFC0057DE5D /* Frameworks */ = {
			isa = PBXFrameworksBuildPhase;
			buildActionMask = 2147483647;
			files = (
			);
			runOnlyForDeploymentPostprocessing = 0;
		};
/* End PBXFrameworksBuildPhase section */

/* Begin PBXGroup section */
		A744BBBA1A590BFC0057DE5D = {
			isa = PBXGroup;
			children = (
				A744BBC51A590BFC0057DE5D /* SeguesAndScenesDemo */,
				A744BBDB1A590BFC0057DE5D /* SeguesAndScenesDemoTests */,
				A744BBC41A590BFC0057DE5D /* Products */,
			);
			sourceTree = "<group>";
		};
		A744BBC41A590BFC0057DE5D /* Products */ = {
			isa = PBXGroup;
			children = (
				A744BBC31A590BFC0057DE5D /* SeguesAndScenesDemo.app */,
				A744BBD81A590BFC0057DE5D /* SeguesAndScenesDemoTests.xctest */,
			);
			name = Products;
			sourceTree = "<group>";
		};
		A744BBC51A590BFC0057DE5D /* SeguesAndScenesDemo */ = {
			isa = PBXGroup;
			children = (
				A744BBC81A590BFC0057DE5D /* AppDelegate.swift */,
				A744BBCA1A590BFC0057DE5D /* ViewController.swift */,
				A744BBCC1A590BFC0057DE5D /* Main.storyboard */,
				A744BBCF1A590BFC0057DE5D /* Images.xcassets */,
				A744BBD11A590BFC0057DE5D /* LaunchScreen.xib */,
				A744BBC61A590BFC0057DE5D /* Supporting Files */,
			);
			path = SeguesAndScenesDemo;
			sourceTree = "<group>";
		};
		A744BBC61A590BFC0057DE5D /* Supporting Files */ = {
			isa = PBXGroup;
			children = (
				A744BBC71A590BFC0057DE5D /* Info.plist */,
			);
			name = "Supporting Files";
			sourceTree = "<group>";
		};
		A744BBDB1A590BFC0057DE5D /* SeguesAndScenesDemoTests */ = {
			isa = PBXGroup;
			children = (
				A744BBDE1A590BFC0057DE5D /* SeguesAndScenesDemoTests.swift */,
				A744BBDC1A590BFC0057DE5D /* Supporting Files */,
			);
			path = SeguesAndScenesDemoTests;
			sourceTree = "<group>";
		};
		A744BBDC1A590BFC0057DE5D /* Supporting Files */ = {
			isa = PBXGroup;
			children = (
				A744BBDD1A590BFC0057DE5D /* Info.plist */,
			);
			name = "Supporting Files";
			sourceTree = "<group>";
		};
/* End PBXGroup section */

/* Begin PBXNativeTarget section */
		A744BBC21A590BFC0057DE5D /* SeguesAndScenesDemo */ = {
			isa = PBXNativeTarget;
			buildConfigurationList = A744BBE21A590BFC0057DE5D /* Build configuration list for PBXNativeTarget "SeguesAndScenesDemo" */;
			buildPhases = (
				A744BBBF1A590BFC0057DE5D /* Sources */,
				A744BBC01A590BFC0057DE5D /* Frameworks */,
				A744BBC11A590BFC0057DE5D /* Resources */,
			);
			buildRules = (
			);
			dependencies = (
			);
			name = SeguesAndScenesDemo;
			productName = SeguesAndScenesDemo;
			productReference = A744BBC31A590BFC0057DE5D /* SeguesAndScenesDemo.app */;
			productType = "com.apple.product-type.application";
		};
		A744BBD71A590BFC0057DE5D /* SeguesAndScenesDemoTests */ = {
			isa = PBXNativeTarget;
			buildConfigurationList = A744BBE51A590BFC0057DE5D /* Build configuration list for PBXNativeTarget "SeguesAndScenesDemoTests" */;
			buildPhases = (
				A744BBD41A590BFC0057DE5D /* Sources */,
				A744BBD51A590BFC0057DE5D /* Frameworks */,
				A744BBD61A590BFC0057DE5D /* Resources */,
			);
			buildRules = (
			);
			dependencies = (
				A744BBDA1A590BFC0057DE5D /* PBXTargetDependency */,
			);
			name = SeguesAndScenesDemoTests;
			productName = SeguesAndScenesDemoTests;
			productReference = A744BBD81A590BFC0057DE5D /* SeguesAndScenesDemoTests.xctest */;
			productType = "com.apple.product-type.bundle.unit-test";
		};
/* End PBXNativeTarget section */

/* Begin PBXProject section */
		A744BBBB1A590BFC0057DE5D /* Project object */ = {
			isa = PBXProject;
			attributes = {
				LastUpgradeCheck = 0610;
				ORGANIZATIONNAME = Yosemite;
				TargetAttributes = {
					A744BBC21A590BFC0057DE5D = {
						CreatedOnToolsVersion = 6.1.1;
					};
					A744BBD71A590BFC0057DE5D = {
						CreatedOnToolsVersion = 6.1.1;
						TestTargetID = A744BBC21A590BFC0057DE5D;
					};
				};
			};
			buildConfigurationList = A744BBBE1A590BFC0057DE5D /* Build configuration list for PBXProject "SeguesAndScenesDemo" */;
			compatibilityVersion = "Xcode 3.2";
			developmentRegion = English;
			hasScannedForEncodings = 0;
			knownRegions = (
				en,
				Base,
			);
			mainGroup = A744BBBA1A590BFC0057DE5D;
			productRefGroup = A744BBC41A590BFC0057DE5D /* Products */;
			projectDirPath = "";
			projectRoot = "";
			targets = (
				A744BBC21A590BFC0057DE5D /* SeguesAndScenesDemo */,
				A744BBD71A590BFC0057DE5D /* SeguesAndScenesDemoTests */,
			);
		};
/* End PBXProject section */

/* Begin PBXResourcesBuildPhase section */
		A744BBC11A590BFC0057DE5D /* Resources */ = {
			isa = PBXResourcesBuildPhase;
			buildActionMask = 2147483647;
			files = (
				A744BBCE1A590BFC0057DE5D /* Main.storyboard in Resources */,
				A744BBD31A590BFC0057DE5D /* LaunchScreen.xib in Resources */,
				A744BBD01A590BFC0057DE5D /* Images.xcassets in Resources */,
			);
			runOnlyForDeploymentPostprocessing = 0;
		};
		A744BBD61A590BFC0057DE5D /* Resources */ = {
			isa = PBXResourcesBuildPhase;
			buildActionMask = 2147483647;
			files = (
			);
			runOnlyForDeploymentPostprocessing = 0;
		};
/* End PBXResourcesBuildPhase section */

/* Begin PBXSourcesBuildPhase section */
		A744BBBF1A590BFC0057DE5D /* Sources */ = {
			isa = PBXSourcesBuildPhase;
			buildActionMask = 2147483647;
			files = (
				A744BBCB1A590BFC0057DE5D /* ViewController.swift in Sources */,
				A744BBC91A590BFC0057DE5D /* AppDelegate.swift in Sources */,
			);
			runOnlyForDeploymentPostprocessing = 0;
		};
		A744BBD41A590BFC0057DE5D /* Sources */ = {
			isa = PBXSourcesBuildPhase;
			buildActionMask = 2147483647;
			files = (
				A744BBDF1A590BFC0057DE5D /* SeguesAndScenesDemoTests.swift in Sources */,
			);
			runOnlyForDeploymentPostprocessing = 0;
		};
/* End PBXSourcesBuildPhase section */

/* Begin PBXTargetDependency section */
		A744BBDA1A590BFC0057DE5D /* PBXTargetDependency */ = {
			isa = PBXTargetDependency;
			target = A744BBC21A590BFC0057DE5D /* SeguesAndScenesDemo */;
			targetProxy = A744BBD91A590BFC0057DE5D /* PBXContainerItemProxy */;
		};
/* End PBXTargetDependency section */

/* Begin PBXVariantGroup section */
		A744BBCC1A590BFC0057DE5D /* Main.storyboard */ = {
			isa = PBXVariantGroup;
			children = (
				A744BBCD1A590BFC0057DE5D /* Base */,
			);
			name = Main.storyboard;
			sourceTree = "<group>";
		};
		A744BBD11A590BFC0057DE5D /* LaunchScreen.xib */ = {
			isa = PBXVariantGroup;
			children = (
				A744BBD21A590BFC0057DE5D /* Base */,
			);
			name = LaunchScreen.xib;
			sourceTree = "<group>";
		};
/* End PBXVariantGroup section */

/* Begin XCBuildConfiguration section */
		A744BBE01A590BFC0057DE5D /* Debug */ = {
			isa = XCBuildConfiguration;
			buildSettings = {
				ALWAYS_SEARCH_USER_PATHS = NO;
				CLANG_CXX_LANGUAGE_STANDARD = "gnu++0x";
				CLANG_CXX_LIBRARY = "libc++";
				CLANG_ENABLE_MODULES = YES;
				CLANG_ENABLE_OBJC_ARC = YES;
				CLANG_WARN_BOOL_CONVERSION = YES;
				CLANG_WARN_CONSTANT_CONVERSION = YES;
				CLANG_WARN_DIRECT_OBJC_ISA_USAGE = YES_ERROR;
				CLANG_WARN_EMPTY_BODY = YES;
				CLANG_WARN_ENUM_CONVERSION = YES;
				CLANG_WARN_INT_CONVERSION = YES;
				CLANG_WARN_OBJC_ROOT_CLASS = YES_ERROR;
				CLANG_WARN_UNREACHABLE_CODE = YES;
				CLANG_WARN__DUPLICATE_METHOD_MATCH = YES;
				"CODE_SIGN_IDENTITY[sdk=iphoneos*]" = "iPhone Developer";
				COPY_PHASE_STRIP = NO;
				ENABLE_STRICT_OBJC_MSGSEND = YES;
				GCC_C_LANGUAGE_STANDARD = gnu99;
				GCC_DYNAMIC_NO_PIC = NO;
				GCC_OPTIMIZATION_LEVEL = 0;
				GCC_PREPROCESSOR_DEFINITIONS = (
					"DEBUG=1",
					"$(inherited)",
				);
				GCC_SYMBOLS_PRIVATE_EXTERN = NO;
				GCC_WARN_64_TO_32_BIT_CONVERSION = YES;
				GCC_WARN_ABOUT_RETURN_TYPE = YES_ERROR;
				GCC_WARN_UNDECLARED_SELECTOR = YES;
				GCC_WARN_UNINITIALIZED_AUTOS = YES_AGGRESSIVE;
				GCC_WARN_UNUSED_FUNCTION = YES;
				GCC_WARN_UNUSED_VARIABLE = YES;
				IPHONEOS_DEPLOYMENT_TARGET = 8.1;
				MTL_ENABLE_DEBUG_INFO = YES;
				ONLY_ACTIVE_ARCH = YES;
				SDKROOT = iphoneos;
				SWIFT_OPTIMIZATION_LEVEL = "-Onone";
			};
			name = Debug;
		};
		A744BBE11A590BFC0057DE5D /* Release */ = {
			isa = XCBuildConfiguration;
			buildSettings = {
				ALWAYS_SEARCH_USER_PATHS = NO;
				CLANG_CXX_LANGUAGE_STANDARD = "gnu++0x";
				CLANG_CXX_LIBRARY = "libc++";
				CLANG_ENABLE_MODULES = YES;
				CLANG_ENABLE_OBJC_ARC = YES;
				CLANG_WARN_BOOL_CONVERSION = YES;
				CLANG_WARN_CONSTANT_CONVERSION = YES;
				CLANG_WARN_DIRECT_OBJC_ISA_USAGE = YES_ERROR;
				CLANG_WARN_EMPTY_BODY = YES;
				CLANG_WARN_ENUM_CONVERSION = YES;
				CLANG_WARN_INT_CONVERSION = YES;
				CLANG_WARN_OBJC_ROOT_CLASS = YES_ERROR;
				CLANG_WARN_UNREACHABLE_CODE = YES;
				CLANG_WARN__DUPLICATE_METHOD_MATCH = YES;
				"CODE_SIGN_IDENTITY[sdk=iphoneos*]" = "iPhone Developer";
				COPY_PHASE_STRIP = YES;
				ENABLE_NS_ASSERTIONS = NO;
				ENABLE_STRICT_OBJC_MSGSEND = YES;
				GCC_C_LANGUAGE_STANDARD = gnu99;
				GCC_WARN_64_TO_32_BIT_CONVERSION = YES;
				GCC_WARN_ABOUT_RETURN_TYPE = YES_ERROR;
				GCC_WARN_UNDECLARED_SELECTOR = YES;
				GCC_WARN_UNINITIALIZED_AUTOS = YES_AGGRESSIVE;
				GCC_WARN_UNUSED_FUNCTION = YES;
				GCC_WARN_UNUSED_VARIABLE = YES;
				IPHONEOS_DEPLOYMENT_TARGET = 8.1;
				MTL_ENABLE_DEBUG_INFO = NO;
				SDKROOT = iphoneos;
				VALIDATE_PRODUCT = YES;
			};
			name = Release;
		};
		A744BBE31A590BFC0057DE5D /* Debug */ = {
			isa = XCBuildConfiguration;
			buildSettings = {
				ASSETCATALOG_COMPILER_APPICON_NAME = AppIcon;
				INFOPLIST_FILE = SeguesAndScenesDemo/Info.plist;
				LD_RUNPATH_SEARCH_PATHS = "$(inherited) @executable_path/Frameworks";
				PRODUCT_NAME = "$(TARGET_NAME)";
			};
			name = Debug;
		};
		A744BBE41A590BFC0057DE5D /* Release */ = {
			isa = XCBuildConfiguration;
			buildSettings = {
				ASSETCATALOG_COMPILER_APPICON_NAME = AppIcon;
				INFOPLIST_FILE = SeguesAndScenesDemo/Info.plist;
				LD_RUNPATH_SEARCH_PATHS = "$(inherited) @executable_path/Frameworks";
				PRODUCT_NAME = "$(TARGET_NAME)";
			};
			name = Release;
		};
		A744BBE61A590BFC0057DE5D /* Debug */ = {
			isa = XCBuildConfiguration;
			buildSettings = {
				BUNDLE_LOADER = "$(TEST_HOST)";
				FRAMEWORK_SEARCH_PATHS = (
					"$(SDKROOT)/Developer/Library/Frameworks",
					"$(inherited)",
				);
				GCC_PREPROCESSOR_DEFINITIONS = (
					"DEBUG=1",
					"$(inherited)",
				);
				INFOPLIST_FILE = SeguesAndScenesDemoTests/Info.plist;
				LD_RUNPATH_SEARCH_PATHS = "$(inherited) @executable_path/Frameworks @loader_path/Frameworks";
				PRODUCT_NAME = "$(TARGET_NAME)";
				TEST_HOST = "$(BUILT_PRODUCTS_DIR)/SeguesAndScenesDemo.app/SeguesAndScenesDemo";
			};
			name = Debug;
		};
		A744BBE71A590BFC0057DE5D /* Release */ = {
			isa = XCBuildConfiguration;
			buildSettings = {
				BUNDLE_LOADER = "$(TEST_HOST)";
				FRAMEWORK_SEARCH_PATHS = (
					"$(SDKROOT)/Developer/Library/Frameworks",
					"$(inherited)",
				);
				INFOPLIST_FILE = SeguesAndScenesDemoTests/Info.plist;
				LD_RUNPATH_SEARCH_PATHS = "$(inherited) @executable_path/Frameworks @loader_path/Frameworks";
				PRODUCT_NAME = "$(TARGET_NAME)";
				TEST_HOST = "$(BUILT_PRODUCTS_DIR)/SeguesAndScenesDemo.app/SeguesAndScenesDemo";
			};
			name = Release;
		};
/* End XCBuildConfiguration section */

/* Begin XCConfigurationList section */
		A744BBBE1A590BFC0057DE5D /* Build configuration list for PBXProject "SeguesAndScenesDemo" */ = {
			isa = XCConfigurationList;
			buildConfigurations = (
				A744BBE01A590BFC0057DE5D /* Debug */,
				A744BBE11A590BFC0057DE5D /* Release */,
			);
			defaultConfigurationIsVisible = 0;
			defaultConfigurationName = Release;
		};
		A744BBE21A590BFC0057DE5D /* Build configuration list for PBXNativeTarget "SeguesAndScenesDemo" */ = {
			isa = XCConfigurationList;
			buildConfigurations = (
				A744BBE31A590BFC0057DE5D /* Debug */,
				A744BBE41A590BFC0057DE5D /* Release */,
			);
			defaultConfigurationIsVisible = 0;
		};
		A744BBE51A590BFC0057DE5D /* Build configuration list for PBXNativeTarget "SeguesAndScenesDemoTests" */ = {
			isa = XCConfigurationList;
			buildConfigurations = (
				A744BBE61A590BFC0057DE5D /* Debug */,
				A744BBE71A590BFC0057DE5D /* Release */,
			);
			defaultConfigurationIsVisible = 0;
		};
/* End XCConfigurationList section */
	};
	rootObject = A744BBBB1A590BFC0057DE5D /* Project object */;
}
